
Microsoft Visual Studio Solution File, Format Version 12.00
# Visual Studio Version 17
VisualStudioVersion = 17.14.36127.28 d17.14
MinimumVisualStudioVersion = 10.0.40219.1
Project("{FAE04EC0-301F-11D3-BF4B-00C04F79EFBC}") = "ZipArchiveMaker", "ZipArchiveMaker.csproj", "{195322A8-6797-4E32-8C64-0B35DE43CEBD}"
EndProject
Global
	GlobalSection(SolutionConfigurationPlatforms) = preSolution
		Debug|Any CPU = Debug|Any CPU
		Release|Any CPU = Release|Any CPU
	EndGlobalSection
	GlobalSection(ProjectConfigurationPlatforms) = postSolution
		{195322A8-6797-4E32-8C64-0B35DE43CEBD}.Debug|Any CPU.ActiveCfg = Debug|Any CPU
		{195322A8-6797-4E32-8C64-0B35DE43CEBD}.Debug|Any CPU.Build.0 = Debug|Any CPU
		{195322A8-6797-4E32-8C64-0B35DE43CEBD}.Release|Any CPU.ActiveCfg = Release|Any CPU
		{195322A8-6797-4E32-8C64-0B35DE43CEBD}.Release|Any CPU.Build.0 = Release|Any CPU
	EndGlobalSection
	GlobalSection(SolutionProperties) = preSolution
		HideSolutionNode = FALSE
	EndGlobalSection
	GlobalSection(ExtensibilityGlobals) = postSolution
		SolutionGuid = {495D161C-6778-495F-A457-A4A7A526F464}
	EndGlobalSection
EndGlobal
